// !$*UTF8*$!
{
	archiveVersion = 1;
	classes = {
	};
	objectVersion = 46;
	objects = {

/* Begin PBXBuildFile section */
		7E77210C1B4D84130082FA43 /* libXmppFrameworkParsers.a in Frameworks */ = {isa = PBXBuildFile; fileRef = 7E7721001B4D84130082FA43 /* libXmppFrameworkParsers.a */; };
		7E7721381B4D84C40082FA43 /* NSData+XMPP.m in Sources */ = {isa = PBXBuildFile; fileRef = 7E77211D1B4D84C40082FA43 /* NSData+XMPP.m */; };
		7E7721391B4D84C40082FA43 /* NSNumber+XMPP.m in Sources */ = {isa = PBXBuildFile; fileRef = 7E77211F1B4D84C40082FA43 /* NSNumber+XMPP.m */; };
		7E77213A1B4D84C40082FA43 /* NSXMLElement+XMPP.m in Sources */ = {isa = PBXBuildFile; fileRef = 7E7721211B4D84C40082FA43 /* NSXMLElement+XMPP.m */; };
		7E77213B1B4D84C40082FA43 /* XMPPConstants.m in Sources */ = {isa = PBXBuildFile; fileRef = 7E7721241B4D84C40082FA43 /* XMPPConstants.m */; };
		7E77213C1B4D84C40082FA43 /* XMPPParser.m in Sources */ = {isa = PBXBuildFile; fileRef = 7E7721291B4D84C40082FA43 /* XMPPParser.m */; };
		7E77213D1B4D84C40082FA43 /* XMPPElement.m in Sources */ = {isa = PBXBuildFile; fileRef = 7E77212C1B4D84C40082FA43 /* XMPPElement.m */; };
		7E77213E1B4D84C40082FA43 /* XMPPIQ.m in Sources */ = {isa = PBXBuildFile; fileRef = 7E77212E1B4D84C40082FA43 /* XMPPIQ.m */; };
		7E77213F1B4D84C40082FA43 /* XMPPJID.m in Sources */ = {isa = PBXBuildFile; fileRef = 7E7721301B4D84C40082FA43 /* XMPPJID.m */; };
		7E7721401B4D84C40082FA43 /* XMPPMessage.m in Sources */ = {isa = PBXBuildFile; fileRef = 7E7721321B4D84C40082FA43 /* XMPPMessage.m */; };
		7E7721411B4D84C40082FA43 /* XMPPPresence.m in Sources */ = {isa = PBXBuildFile; fileRef = 7E7721341B4D84C40082FA43 /* XMPPPresence.m */; };
		7E7721421B4D84C40082FA43 /* XMPPStringPrep.m in Sources */ = {isa = PBXBuildFile; fileRef = 7E7721371B4D84C40082FA43 /* XMPPStringPrep.m */; };
/* End PBXBuildFile section */

/* Begin PBXContainerItemProxy section */
		7E77210D1B4D84130082FA43 /* PBXContainerItemProxy */ = {
			isa = PBXContainerItemProxy;
			containerPortal = 7E7720F81B4D84130082FA43 /* Project object */;
			proxyType = 1;
			remoteGlobalIDString = 7E7720FF1B4D84130082FA43;
			remoteInfo = XmppFrameworkParsers;
		};
/* End PBXContainerItemProxy section */

/* Begin PBXCopyFilesBuildPhase section */
		7E7720FE1B4D84130082FA43 /* CopyFiles */ = {
			isa = PBXCopyFilesBuildPhase;
			buildActionMask = 2147483647;
			dstPath = "include/$(PRODUCT_NAME)";
			dstSubfolderSpec = 16;
			files = (
			);
			runOnlyForDeploymentPostprocessing = 0;
		};
/* End PBXCopyFilesBuildPhase section */

/* Begin PBXFileReference section */
		7E26D5BA1B4E9B2B0030F2DD /* XmppPresenceProto.h */ = {isa = PBXFileReference; fileEncoding = 4; lastKnownFileType = sourcecode.c.h; path = XmppPresenceProto.h; sourceTree = "<group>"; };
		7E26D5BB1B4E9D400030F2DD /* XmppIqProto.h */ = {isa = PBXFileReference; fileEncoding = 4; lastKnownFileType = sourcecode.c.h; path = XmppIqProto.h; sourceTree = "<group>"; };
		7E56BF951B4D85C500D27597 /* XmppFrameworkParsers.h */ = {isa = PBXFileReference; lastKnownFileType = sourcecode.c.h; path = XmppFrameworkParsers.h; sourceTree = SOURCE_ROOT; };
		7E56BF961B4D85C500D27597 /* XmppFrameworkParsers.pch */ = {isa = PBXFileReference; lastKnownFileType = sourcecode.c.h; path = XmppFrameworkParsers.pch; sourceTree = SOURCE_ROOT; };
		7E7721001B4D84130082FA43 /* libXmppFrameworkParsers.a */ = {isa = PBXFileReference; explicitFileType = archive.ar; includeInIndex = 0; path = libXmppFrameworkParsers.a; sourceTree = BUILT_PRODUCTS_DIR; };
		7E77210B1B4D84130082FA43 /* XmppFrameworkParsersTests.xctest */ = {isa = PBXFileReference; explicitFileType = wrapper.cfbundle; includeInIndex = 0; path = XmppFrameworkParsersTests.xctest; sourceTree = BUILT_PRODUCTS_DIR; };
		7E7721111B4D84130082FA43 /* Info.plist */ = {isa = PBXFileReference; lastKnownFileType = text.plist.xml; path = Info.plist; sourceTree = "<group>"; };
		7E77211C1B4D84C40082FA43 /* NSData+XMPP.h */ = {isa = PBXFileReference; fileEncoding = 4; lastKnownFileType = sourcecode.c.h; path = "NSData+XMPP.h"; sourceTree = "<group>"; };
		7E77211D1B4D84C40082FA43 /* NSData+XMPP.m */ = {isa = PBXFileReference; fileEncoding = 4; lastKnownFileType = sourcecode.c.objc; path = "NSData+XMPP.m"; sourceTree = "<group>"; };
		7E77211E1B4D84C40082FA43 /* NSNumber+XMPP.h */ = {isa = PBXFileReference; fileEncoding = 4; lastKnownFileType = sourcecode.c.h; path = "NSNumber+XMPP.h"; sourceTree = "<group>"; };
		7E77211F1B4D84C40082FA43 /* NSNumber+XMPP.m */ = {isa = PBXFileReference; fileEncoding = 4; lastKnownFileType = sourcecode.c.objc; path = "NSNumber+XMPP.m"; sourceTree = "<group>"; };
		7E7721201B4D84C40082FA43 /* NSXMLElement+XMPP.h */ = {isa = PBXFileReference; fileEncoding = 4; lastKnownFileType = sourcecode.c.h; path = "NSXMLElement+XMPP.h"; sourceTree = "<group>"; };
		7E7721211B4D84C40082FA43 /* NSXMLElement+XMPP.m */ = {isa = PBXFileReference; fileEncoding = 4; lastKnownFileType = sourcecode.c.objc; path = "NSXMLElement+XMPP.m"; sourceTree = "<group>"; };
		7E7721231B4D84C40082FA43 /* XMPPConstants.h */ = {isa = PBXFileReference; fileEncoding = 4; lastKnownFileType = sourcecode.c.h; path = XMPPConstants.h; sourceTree = "<group>"; };
		7E7721241B4D84C40082FA43 /* XMPPConstants.m */ = {isa = PBXFileReference; fileEncoding = 4; lastKnownFileType = sourcecode.c.objc; path = XMPPConstants.m; sourceTree = "<group>"; };
		7E7721251B4D84C40082FA43 /* XMPPInternal.h */ = {isa = PBXFileReference; fileEncoding = 4; lastKnownFileType = sourcecode.c.h; path = XMPPInternal.h; sourceTree = "<group>"; };
		7E7721261B4D84C40082FA43 /* XMPPLogging.h */ = {isa = PBXFileReference; fileEncoding = 4; lastKnownFileType = sourcecode.c.h; path = XMPPLogging.h; sourceTree = "<group>"; };
		7E7721281B4D84C40082FA43 /* XMPPParser.h */ = {isa = PBXFileReference; fileEncoding = 4; lastKnownFileType = sourcecode.c.h; path = XMPPParser.h; sourceTree = "<group>"; };
		7E7721291B4D84C40082FA43 /* XMPPParser.m */ = {isa = PBXFileReference; fileEncoding = 4; lastKnownFileType = sourcecode.c.objc; path = XMPPParser.m; sourceTree = "<group>"; };
		7E77212B1B4D84C40082FA43 /* XMPPElement.h */ = {isa = PBXFileReference; fileEncoding = 4; lastKnownFileType = sourcecode.c.h; path = XMPPElement.h; sourceTree = "<group>"; };
		7E77212C1B4D84C40082FA43 /* XMPPElement.m */ = {isa = PBXFileReference; fileEncoding = 4; lastKnownFileType = sourcecode.c.objc; path = XMPPElement.m; sourceTree = "<group>"; };
		7E77212D1B4D84C40082FA43 /* XMPPIQ.h */ = {isa = PBXFileReference; fileEncoding = 4; lastKnownFileType = sourcecode.c.h; path = XMPPIQ.h; sourceTree = "<group>"; };
		7E77212E1B4D84C40082FA43 /* XMPPIQ.m */ = {isa = PBXFileReference; fileEncoding = 4; lastKnownFileType = sourcecode.c.objc; path = XMPPIQ.m; sourceTree = "<group>"; };
		7E77212F1B4D84C40082FA43 /* XMPPJID.h */ = {isa = PBXFileReference; fileEncoding = 4; lastKnownFileType = sourcecode.c.h; path = XMPPJID.h; sourceTree = "<group>"; };
		7E7721301B4D84C40082FA43 /* XMPPJID.m */ = {isa = PBXFileReference; fileEncoding = 4; lastKnownFileType = sourcecode.c.objc; path = XMPPJID.m; sourceTree = "<group>"; };
		7E7721311B4D84C40082FA43 /* XMPPMessage.h */ = {isa = PBXFileReference; fileEncoding = 4; lastKnownFileType = sourcecode.c.h; path = XMPPMessage.h; sourceTree = "<group>"; };
		7E7721321B4D84C40082FA43 /* XMPPMessage.m */ = {isa = PBXFileReference; fileEncoding = 4; lastKnownFileType = sourcecode.c.objc; path = XMPPMessage.m; sourceTree = "<group>"; };
		7E7721331B4D84C40082FA43 /* XMPPPresence.h */ = {isa = PBXFileReference; fileEncoding = 4; lastKnownFileType = sourcecode.c.h; path = XMPPPresence.h; sourceTree = "<group>"; };
		7E7721341B4D84C40082FA43 /* XMPPPresence.m */ = {isa = PBXFileReference; fileEncoding = 4; lastKnownFileType = sourcecode.c.objc; path = XMPPPresence.m; sourceTree = "<group>"; };
		7E7721361B4D84C40082FA43 /* XMPPStringPrep.h */ = {isa = PBXFileReference; fileEncoding = 4; lastKnownFileType = sourcecode.c.h; path = XMPPStringPrep.h; sourceTree = "<group>"; };
		7E7721371B4D84C40082FA43 /* XMPPStringPrep.m */ = {isa = PBXFileReference; fileEncoding = 4; lastKnownFileType = sourcecode.c.objc; path = XMPPStringPrep.m; sourceTree = "<group>"; };
		7EAC74141B4E77D300FB52EC /* XMPPJIDCompareOptions.h */ = {isa = PBXFileReference; fileEncoding = 4; lastKnownFileType = sourcecode.c.h; path = XMPPJIDCompareOptions.h; sourceTree = "<group>"; };
		7EAC74161B4E794300FB52EC /* XMPPElementProto.h */ = {isa = PBXFileReference; fileEncoding = 4; lastKnownFileType = sourcecode.c.h; path = XMPPElementProto.h; sourceTree = "<group>"; };
		7EAC74171B4E799F00FB52EC /* XMPPJIDProto.h */ = {isa = PBXFileReference; fileEncoding = 4; lastKnownFileType = sourcecode.c.h; path = XMPPJIDProto.h; sourceTree = "<group>"; };
		7EAC74181B4E7F8E00FB52EC /* XMPPMessageProto.h */ = {isa = PBXFileReference; fileEncoding = 4; lastKnownFileType = sourcecode.c.h; path = XMPPMessageProto.h; sourceTree = "<group>"; };
		7EAC74191B4E7FDA00FB52EC /* XmppMutableMessageProto.h */ = {isa = PBXFileReference; fileEncoding = 4; lastKnownFileType = sourcecode.c.h; path = XmppMutableMessageProto.h; sourceTree = "<group>"; };
/* End PBXFileReference section */

/* Begin PBXFrameworksBuildPhase section */
		7E7720FD1B4D84130082FA43 /* Frameworks */ = {
			isa = PBXFrameworksBuildPhase;
			buildActionMask = 2147483647;
			files = (
			);
			runOnlyForDeploymentPostprocessing = 0;
		};
		7E7721081B4D84130082FA43 /* Frameworks */ = {
			isa = PBXFrameworksBuildPhase;
			buildActionMask = 2147483647;
			files = (
				7E77210C1B4D84130082FA43 /* libXmppFrameworkParsers.a in Frameworks */,
			);
			runOnlyForDeploymentPostprocessing = 0;
		};
/* End PBXFrameworksBuildPhase section */

/* Begin PBXGroup section */
		7E7720F71B4D84130082FA43 = {
			isa = PBXGroup;
			children = (
				7E7721021B4D84130082FA43 /* XmppFrameworkParsers */,
				7E77210F1B4D84130082FA43 /* XmppFrameworkParsersTests */,
				7E7721011B4D84130082FA43 /* Products */,
			);
			sourceTree = "<group>";
		};
		7E7721011B4D84130082FA43 /* Products */ = {
			isa = PBXGroup;
			children = (
				7E7721001B4D84130082FA43 /* libXmppFrameworkParsers.a */,
				7E77210B1B4D84130082FA43 /* XmppFrameworkParsersTests.xctest */,
			);
			name = Products;
			sourceTree = "<group>";
		};
		7E7721021B4D84130082FA43 /* XmppFrameworkParsers */ = {
			isa = PBXGroup;
			children = (
				7E56BF951B4D85C500D27597 /* XmppFrameworkParsers.h */,
				7E56BF961B4D85C500D27597 /* XmppFrameworkParsers.pch */,
				7E77211A1B4D84C40082FA43 /* XmppFramework */,
			);
			path = XmppFrameworkParsers;
			sourceTree = "<group>";
		};
		7E77210F1B4D84130082FA43 /* XmppFrameworkParsersTests */ = {
			isa = PBXGroup;
			children = (
				7E7721101B4D84130082FA43 /* Supporting Files */,
			);
			path = XmppFrameworkParsersTests;
			sourceTree = "<group>";
		};
		7E7721101B4D84130082FA43 /* Supporting Files */ = {
			isa = PBXGroup;
			children = (
				7E7721111B4D84130082FA43 /* Info.plist */,
			);
			name = "Supporting Files";
			sourceTree = "<group>";
		};
		7E77211A1B4D84C40082FA43 /* XmppFramework */ = {
			isa = PBXGroup;
			children = (
				7E77211B1B4D84C40082FA43 /* Categories */,
				7E7721221B4D84C40082FA43 /* CommonHeaders */,
				7E7721271B4D84C40082FA43 /* Parser */,
				7E77212A1B4D84C40082FA43 /* StanzaClasses */,
				7EAC74151B4E791600FB52EC /* StanzaInterfaces */,
				7E7721351B4D84C40082FA43 /* Utilities */,
			);
			path = XmppFramework;
			sourceTree = SOURCE_ROOT;
		};
		7E77211B1B4D84C40082FA43 /* Categories */ = {
			isa = PBXGroup;
			children = (
				7E77211C1B4D84C40082FA43 /* NSData+XMPP.h */,
				7E77211D1B4D84C40082FA43 /* NSData+XMPP.m */,
				7E77211E1B4D84C40082FA43 /* NSNumber+XMPP.h */,
				7E77211F1B4D84C40082FA43 /* NSNumber+XMPP.m */,
				7E7721201B4D84C40082FA43 /* NSXMLElement+XMPP.h */,
				7E7721211B4D84C40082FA43 /* NSXMLElement+XMPP.m */,
			);
			path = Categories;
			sourceTree = "<group>";
		};
		7E7721221B4D84C40082FA43 /* CommonHeaders */ = {
			isa = PBXGroup;
			children = (
				7E7721231B4D84C40082FA43 /* XMPPConstants.h */,
				7E7721241B4D84C40082FA43 /* XMPPConstants.m */,
				7E7721251B4D84C40082FA43 /* XMPPInternal.h */,
				7E7721261B4D84C40082FA43 /* XMPPLogging.h */,
			);
			path = CommonHeaders;
			sourceTree = "<group>";
		};
		7E7721271B4D84C40082FA43 /* Parser */ = {
			isa = PBXGroup;
			children = (
				7E7721281B4D84C40082FA43 /* XMPPParser.h */,
				7E7721291B4D84C40082FA43 /* XMPPParser.m */,
			);
			path = Parser;
			sourceTree = "<group>";
		};
		7E77212A1B4D84C40082FA43 /* StanzaClasses */ = {
			isa = PBXGroup;
			children = (
				7E77212B1B4D84C40082FA43 /* XMPPElement.h */,
				7E77212C1B4D84C40082FA43 /* XMPPElement.m */,
				7E77212D1B4D84C40082FA43 /* XMPPIQ.h */,
				7E77212E1B4D84C40082FA43 /* XMPPIQ.m */,
				7E77212F1B4D84C40082FA43 /* XMPPJID.h */,
				7E7721301B4D84C40082FA43 /* XMPPJID.m */,
				7E7721311B4D84C40082FA43 /* XMPPMessage.h */,
				7E7721321B4D84C40082FA43 /* XMPPMessage.m */,
				7E7721331B4D84C40082FA43 /* XMPPPresence.h */,
				7E7721341B4D84C40082FA43 /* XMPPPresence.m */,
				7EAC74141B4E77D300FB52EC /* XMPPJIDCompareOptions.h */,
			);
			path = StanzaClasses;
			sourceTree = "<group>";
		};
		7E7721351B4D84C40082FA43 /* Utilities */ = {
			isa = PBXGroup;
			children = (
				7E7721361B4D84C40082FA43 /* XMPPStringPrep.h */,
				7E7721371B4D84C40082FA43 /* XMPPStringPrep.m */,
			);
			path = Utilities;
			sourceTree = "<group>";
		};
		7EAC74151B4E791600FB52EC /* StanzaInterfaces */ = {
			isa = PBXGroup;
			children = (
				7EAC74161B4E794300FB52EC /* XMPPElementProto.h */,
				7EAC74171B4E799F00FB52EC /* XMPPJIDProto.h */,
				7EAC74181B4E7F8E00FB52EC /* XMPPMessageProto.h */,
				7EAC74191B4E7FDA00FB52EC /* XmppMutableMessageProto.h */,
				7E26D5BA1B4E9B2B0030F2DD /* XmppPresenceProto.h */,
				7E26D5BB1B4E9D400030F2DD /* XmppIqProto.h */,
			);
			path = StanzaInterfaces;
			sourceTree = "<group>";
		};
/* End PBXGroup section */

/* Begin PBXNativeTarget section */
		7E7720FF1B4D84130082FA43 /* XmppFrameworkParsers */ = {
			isa = PBXNativeTarget;
			buildConfigurationList = 7E7721141B4D84130082FA43 /* Build configuration list for PBXNativeTarget "XmppFrameworkParsers" */;
			buildPhases = (
				7E7720FC1B4D84130082FA43 /* Sources */,
				7E7720FD1B4D84130082FA43 /* Frameworks */,
				7E7720FE1B4D84130082FA43 /* CopyFiles */,
			);
			buildRules = (
			);
			dependencies = (
			);
			name = XmppFrameworkParsers;
			productName = XmppFrameworkParsers;
			productReference = 7E7721001B4D84130082FA43 /* libXmppFrameworkParsers.a */;
			productType = "com.apple.product-type.library.static";
		};
		7E77210A1B4D84130082FA43 /* XmppFrameworkParsersTests */ = {
			isa = PBXNativeTarget;
			buildConfigurationList = 7E7721171B4D84130082FA43 /* Build configuration list for PBXNativeTarget "XmppFrameworkParsersTests" */;
			buildPhases = (
				7E7721071B4D84130082FA43 /* Sources */,
				7E7721081B4D84130082FA43 /* Frameworks */,
				7E7721091B4D84130082FA43 /* Resources */,
			);
			buildRules = (
			);
			dependencies = (
				7E77210E1B4D84130082FA43 /* PBXTargetDependency */,
			);
			name = XmppFrameworkParsersTests;
			productName = XmppFrameworkParsersTests;
			productReference = 7E77210B1B4D84130082FA43 /* XmppFrameworkParsersTests.xctest */;
			productType = "com.apple.product-type.bundle.unit-test";
		};
/* End PBXNativeTarget section */

/* Begin PBXProject section */
		7E7720F81B4D84130082FA43 /* Project object */ = {
			isa = PBXProject;
			attributes = {
				LastUpgradeCheck = 0640;
				ORGANIZATIONNAME = healthjoy;
				TargetAttributes = {
					7E7720FF1B4D84130082FA43 = {
						CreatedOnToolsVersion = 6.4;
					};
					7E77210A1B4D84130082FA43 = {
						CreatedOnToolsVersion = 6.4;
					};
				};
			};
			buildConfigurationList = 7E7720FB1B4D84130082FA43 /* Build configuration list for PBXProject "XmppFrameworkParsers" */;
			compatibilityVersion = "Xcode 3.2";
			developmentRegion = English;
			hasScannedForEncodings = 0;
			knownRegions = (
				en,
			);
			mainGroup = 7E7720F71B4D84130082FA43;
			productRefGroup = 7E7721011B4D84130082FA43 /* Products */;
			projectDirPath = "";
			projectRoot = "";
			targets = (
				7E7720FF1B4D84130082FA43 /* XmppFrameworkParsers */,
				7E77210A1B4D84130082FA43 /* XmppFrameworkParsersTests */,
			);
		};
/* End PBXProject section */

/* Begin PBXResourcesBuildPhase section */
		7E7721091B4D84130082FA43 /* Resources */ = {
			isa = PBXResourcesBuildPhase;
			buildActionMask = 2147483647;
			files = (
			);
			runOnlyForDeploymentPostprocessing = 0;
		};
/* End PBXResourcesBuildPhase section */

/* Begin PBXSourcesBuildPhase section */
		7E7720FC1B4D84130082FA43 /* Sources */ = {
			isa = PBXSourcesBuildPhase;
			buildActionMask = 2147483647;
			files = (
				7E7721401B4D84C40082FA43 /* XMPPMessage.m in Sources */,
				7E77213F1B4D84C40082FA43 /* XMPPJID.m in Sources */,
				7E77213E1B4D84C40082FA43 /* XMPPIQ.m in Sources */,
				7E77213B1B4D84C40082FA43 /* XMPPConstants.m in Sources */,
				7E77213D1B4D84C40082FA43 /* XMPPElement.m in Sources */,
				7E7721391B4D84C40082FA43 /* NSNumber+XMPP.m in Sources */,
				7E77213A1B4D84C40082FA43 /* NSXMLElement+XMPP.m in Sources */,
				7E77213C1B4D84C40082FA43 /* XMPPParser.m in Sources */,
				7E7721381B4D84C40082FA43 /* NSData+XMPP.m in Sources */,
				7E7721411B4D84C40082FA43 /* XMPPPresence.m in Sources */,
				7E7721421B4D84C40082FA43 /* XMPPStringPrep.m in Sources */,
			);
			runOnlyForDeploymentPostprocessing = 0;
		};
		7E7721071B4D84130082FA43 /* Sources */ = {
			isa = PBXSourcesBuildPhase;
			buildActionMask = 2147483647;
			files = (
			);
			runOnlyForDeploymentPostprocessing = 0;
		};
/* End PBXSourcesBuildPhase section */

/* Begin PBXTargetDependency section */
		7E77210E1B4D84130082FA43 /* PBXTargetDependency */ = {
			isa = PBXTargetDependency;
			target = 7E7720FF1B4D84130082FA43 /* XmppFrameworkParsers */;
			targetProxy = 7E77210D1B4D84130082FA43 /* PBXContainerItemProxy */;
		};
/* End PBXTargetDependency section */

/* Begin XCBuildConfiguration section */
		7E7721121B4D84130082FA43 /* Debug */ = {
			isa = XCBuildConfiguration;
			buildSettings = {
				ALWAYS_SEARCH_USER_PATHS = NO;
				CLANG_ANALYZER_SECURITY_FLOATLOOPCOUNTER = YES;
				CLANG_ANALYZER_SECURITY_INSECUREAPI_RAND = YES;
				CLANG_ANALYZER_SECURITY_INSECUREAPI_STRCPY = YES;
				CLANG_CXX_LANGUAGE_STANDARD = "gnu++0x";
				CLANG_CXX_LIBRARY = "libc++";
				CLANG_ENABLE_MODULES = YES;
				CLANG_ENABLE_OBJC_ARC = YES;
				CLANG_WARN_ASSIGN_ENUM = YES;
				CLANG_WARN_BOOL_CONVERSION = YES;
				CLANG_WARN_CONSTANT_CONVERSION = YES;
				CLANG_WARN_CXX0X_EXTENSIONS = YES;
				CLANG_WARN_DIRECT_OBJC_ISA_USAGE = YES_ERROR;
				CLANG_WARN_EMPTY_BODY = YES;
				CLANG_WARN_ENUM_CONVERSION = YES;
				CLANG_WARN_IMPLICIT_SIGN_CONVERSION = YES;
				CLANG_WARN_INT_CONVERSION = YES;
				CLANG_WARN_OBJC_IMPLICIT_ATOMIC_PROPERTIES = YES;
				CLANG_WARN_OBJC_IMPLICIT_RETAIN_SELF = YES;
				CLANG_WARN_OBJC_RECEIVER_WEAK = YES;
				CLANG_WARN_OBJC_REPEATED_USE_OF_WEAK = YES;
				CLANG_WARN_OBJC_ROOT_CLASS = YES_ERROR;
				CLANG_WARN_SUSPICIOUS_IMPLICIT_CONVERSION = YES;
				CLANG_WARN_UNREACHABLE_CODE = YES;
				CLANG_WARN__DUPLICATE_METHOD_MATCH = YES;
				COPY_PHASE_STRIP = NO;
				DEBUG_INFORMATION_FORMAT = "dwarf-with-dsym";
				ENABLE_STRICT_OBJC_MSGSEND = YES;
				GCC_C_LANGUAGE_STANDARD = gnu99;
				GCC_DYNAMIC_NO_PIC = NO;
				GCC_INCREASE_PRECOMPILED_HEADER_SHARING = YES;
				GCC_NO_COMMON_BLOCKS = YES;
				GCC_OPTIMIZATION_LEVEL = 0;
				GCC_PRECOMPILE_PREFIX_HEADER = YES;
				GCC_PREFIX_HEADER = XmppFrameworkParsers.pch;
				GCC_PREPROCESSOR_DEFINITIONS = (
					"DEBUG=1",
					"$(inherited)",
				);
				GCC_SYMBOLS_PRIVATE_EXTERN = NO;
				GCC_TREAT_WARNINGS_AS_ERRORS = YES;
				GCC_WARN_64_TO_32_BIT_CONVERSION = YES;
				GCC_WARN_ABOUT_RETURN_TYPE = YES_ERROR;
				GCC_WARN_FOUR_CHARACTER_CONSTANTS = YES;
				GCC_WARN_NON_VIRTUAL_DESTRUCTOR = YES;
				GCC_WARN_PEDANTIC = YES;
				GCC_WARN_SIGN_COMPARE = YES;
				GCC_WARN_UNDECLARED_SELECTOR = YES;
				GCC_WARN_UNINITIALIZED_AUTOS = YES_AGGRESSIVE;
				GCC_WARN_UNUSED_FUNCTION = YES;
				GCC_WARN_UNUSED_VARIABLE = YES;
				HEADER_SEARCH_PATHS = (
					"$(inherited)",
					/Applications/Xcode.app/Contents/Developer/Toolchains/XcodeDefault.xctoolchain/usr/include,
					..,
					../KissXML,
					"$(SDKROOT)/usr/include/libxml2",
					"$(SRCROOT)/..",
				);
				IPHONEOS_DEPLOYMENT_TARGET = 8.4;
				MTL_ENABLE_DEBUG_INFO = YES;
				ONLY_ACTIVE_ARCH = YES;
				SDKROOT = iphoneos;
				WARNING_CFLAGS = (
					"-Wno-dollar-in-identifier-extension",
					"-Wno-pointer-arith",
				);
			};
			name = Debug;
		};
		7E7721131B4D84130082FA43 /* Release */ = {
			isa = XCBuildConfiguration;
			buildSettings = {
				ALWAYS_SEARCH_USER_PATHS = NO;
				CLANG_ANALYZER_SECURITY_FLOATLOOPCOUNTER = YES;
				CLANG_ANALYZER_SECURITY_INSECUREAPI_RAND = YES;
				CLANG_ANALYZER_SECURITY_INSECUREAPI_STRCPY = YES;
				CLANG_CXX_LANGUAGE_STANDARD = "gnu++0x";
				CLANG_CXX_LIBRARY = "libc++";
				CLANG_ENABLE_MODULES = YES;
				CLANG_ENABLE_OBJC_ARC = YES;
				CLANG_WARN_ASSIGN_ENUM = YES;
				CLANG_WARN_BOOL_CONVERSION = YES;
				CLANG_WARN_CONSTANT_CONVERSION = YES;
				CLANG_WARN_CXX0X_EXTENSIONS = YES;
				CLANG_WARN_DIRECT_OBJC_ISA_USAGE = YES_ERROR;
				CLANG_WARN_EMPTY_BODY = YES;
				CLANG_WARN_ENUM_CONVERSION = YES;
				CLANG_WARN_IMPLICIT_SIGN_CONVERSION = YES;
				CLANG_WARN_INT_CONVERSION = YES;
				CLANG_WARN_OBJC_IMPLICIT_ATOMIC_PROPERTIES = YES;
				CLANG_WARN_OBJC_IMPLICIT_RETAIN_SELF = YES;
				CLANG_WARN_OBJC_RECEIVER_WEAK = YES;
				CLANG_WARN_OBJC_REPEATED_USE_OF_WEAK = YES;
				CLANG_WARN_OBJC_ROOT_CLASS = YES_ERROR;
				CLANG_WARN_SUSPICIOUS_IMPLICIT_CONVERSION = YES;
				CLANG_WARN_UNREACHABLE_CODE = YES;
				CLANG_WARN__DUPLICATE_METHOD_MATCH = YES;
				COPY_PHASE_STRIP = NO;
				DEBUG_INFORMATION_FORMAT = "dwarf-with-dsym";
				ENABLE_NS_ASSERTIONS = NO;
				ENABLE_STRICT_OBJC_MSGSEND = YES;
				GCC_C_LANGUAGE_STANDARD = gnu99;
				GCC_INCREASE_PRECOMPILED_HEADER_SHARING = YES;
				GCC_NO_COMMON_BLOCKS = YES;
				GCC_PRECOMPILE_PREFIX_HEADER = YES;
				GCC_PREFIX_HEADER = XmppFrameworkParsers.pch;
				GCC_TREAT_WARNINGS_AS_ERRORS = YES;
				GCC_WARN_64_TO_32_BIT_CONVERSION = YES;
				GCC_WARN_ABOUT_RETURN_TYPE = YES_ERROR;
				GCC_WARN_FOUR_CHARACTER_CONSTANTS = YES;
				GCC_WARN_NON_VIRTUAL_DESTRUCTOR = YES;
				GCC_WARN_PEDANTIC = YES;
				GCC_WARN_SIGN_COMPARE = YES;
				GCC_WARN_UNDECLARED_SELECTOR = YES;
				GCC_WARN_UNINITIALIZED_AUTOS = YES_AGGRESSIVE;
				GCC_WARN_UNUSED_FUNCTION = YES;
				GCC_WARN_UNUSED_VARIABLE = YES;
				HEADER_SEARCH_PATHS = (
					"$(inherited)",
					/Applications/Xcode.app/Contents/Developer/Toolchains/XcodeDefault.xctoolchain/usr/include,
					..,
					../KissXML,
					"$(SDKROOT)/usr/include/libxml2",
					"$(SRCROOT)/..",
				);
				IPHONEOS_DEPLOYMENT_TARGET = 8.4;
				MTL_ENABLE_DEBUG_INFO = NO;
				SDKROOT = iphoneos;
				VALIDATE_PRODUCT = YES;
				WARNING_CFLAGS = (
					"-Wno-dollar-in-identifier-extension",
					"-Wno-pointer-arith",
				);
			};
			name = Release;
		};
		7E7721151B4D84130082FA43 /* Debug */ = {
			isa = XCBuildConfiguration;
			buildSettings = {
				OTHER_LDFLAGS = "-ObjC";
				PRODUCT_NAME = "$(TARGET_NAME)";
				SKIP_INSTALL = YES;
			};
			name = Debug;
		};
		7E7721161B4D84130082FA43 /* Release */ = {
			isa = XCBuildConfiguration;
			buildSettings = {
				OTHER_LDFLAGS = "-ObjC";
				PRODUCT_NAME = "$(TARGET_NAME)";
				SKIP_INSTALL = YES;
			};
			name = Release;
		};
		7E7721181B4D84130082FA43 /* Debug */ = {
			isa = XCBuildConfiguration;
			buildSettings = {
				"CODE_SIGN_IDENTITY[sdk=iphoneos*]" = "iPhone Developer";
				FRAMEWORK_SEARCH_PATHS = (
					"$(SDKROOT)/Developer/Library/Frameworks",
					"$(inherited)",
				);
				GCC_PREPROCESSOR_DEFINITIONS = (
					"DEBUG=1",
					"$(inherited)",
				);
				INFOPLIST_FILE = XmppFrameworkParsersTests/Info.plist;
				LD_RUNPATH_SEARCH_PATHS = "$(inherited) @executable_path/Frameworks @loader_path/Frameworks";
				PRODUCT_NAME = "$(TARGET_NAME)";
			};
			name = Debug;
		};
		7E7721191B4D84130082FA43 /* Release */ = {
			isa = XCBuildConfiguration;
			buildSettings = {
				"CODE_SIGN_IDENTITY[sdk=iphoneos*]" = "iPhone Developer";
				FRAMEWORK_SEARCH_PATHS = (
					"$(SDKROOT)/Developer/Library/Frameworks",
					"$(inherited)",
				);
				INFOPLIST_FILE = XmppFrameworkParsersTests/Info.plist;
				LD_RUNPATH_SEARCH_PATHS = "$(inherited) @executable_path/Frameworks @loader_path/Frameworks";
				PRODUCT_NAME = "$(TARGET_NAME)";
			};
			name = Release;
		};
/* End XCBuildConfiguration section */

/* Begin XCConfigurationList section */
		7E7720FB1B4D84130082FA43 /* Build configuration list for PBXProject "XmppFrameworkParsers" */ = {
			isa = XCConfigurationList;
			buildConfigurations = (
				7E7721121B4D84130082FA43 /* Debug */,
				7E7721131B4D84130082FA43 /* Release */,
			);
			defaultConfigurationIsVisible = 0;
			defaultConfigurationName = Release;
		};
		7E7721141B4D84130082FA43 /* Build configuration list for PBXNativeTarget "XmppFrameworkParsers" */ = {
			isa = XCConfigurationList;
			buildConfigurations = (
				7E7721151B4D84130082FA43 /* Debug */,
				7E7721161B4D84130082FA43 /* Release */,
			);
			defaultConfigurationIsVisible = 0;
			defaultConfigurationName = Release;
		};
		7E7721171B4D84130082FA43 /* Build configuration list for PBXNativeTarget "XmppFrameworkParsersTests" */ = {
			isa = XCConfigurationList;
			buildConfigurations = (
				7E7721181B4D84130082FA43 /* Debug */,
				7E7721191B4D84130082FA43 /* Release */,
			);
			defaultConfigurationIsVisible = 0;
			defaultConfigurationName = Release;
		};
/* End XCConfigurationList section */
	};
	rootObject = 7E7720F81B4D84130082FA43 /* Project object */;
}
